
Microsoft Visual Studio Solution File, Format Version 12.00
# Visual Studio Version 17
VisualStudioVersion = 17.5.33530.505
MinimumVisualStudioVersion = 10.0.40219.1
Project("{FAE04EC0-301F-11D3-BF4B-00C04F79EFBC}") = "SistemaGestion", "SistemaGestion\SistemaGestion.csproj", "{F8BEC06A-1DE6-4AAA-A0C7-5342317D166A}"
EndProject
Global
	GlobalSection(SolutionConfigurationPlatforms) = preSolution
		Debug|Any CPU = Debug|Any CPU
		Release|Any CPU = Release|Any CPU
	EndGlobalSection
	GlobalSection(ProjectConfigurationPlatforms) = postSolution
		{F8BEC06A-1DE6-4AAA-A0C7-5342317D166A}.Debug|Any CPU.ActiveCfg = Debug|Any CPU
		{F8BEC06A-1DE6-4AAA-A0C7-5342317D166A}.Debug|Any CPU.Build.0 = Debug|Any CPU
		{F8BEC06A-1DE6-4AAA-A0C7-5342317D166A}.Release|Any CPU.ActiveCfg = Release|Any CPU
		{F8BEC06A-1DE6-4AAA-A0C7-5342317D166A}.Release|Any CPU.Build.0 = Release|Any CPU
	EndGlobalSection
	GlobalSection(SolutionProperties) = preSolution
		HideSolutionNode = FALSE
	EndGlobalSection
	GlobalSection(ExtensibilityGlobals) = postSolution
		SolutionGuid = {4BDAA30C-9414-4791-9E37-4B8C085CA067}
	EndGlobalSection
EndGlobal
